<Solution>
  <Project Path="../DentalClinic_BusinessTier/DentalClinic_BusinessTier.csproj" Id="4f62127a-fde4-429a-b1de-3b7729facace" />
  <Project Path="../DentalClinic_CoreTier/DentalClinic_CoreTier.csproj" Id="2af50f9e-6135-44a9-9159-c7a36e3d4193" />
  <Project Path="../DentalClinic_DataTier/DentalClinic_DataTier.csproj" Id="c9a0d8a1-d9f8-4bdd-aa4a-53d4f6f953e5" />
  <Project Path="DentistClinic_PresentationTier.csproj" Id="c69d494d-51f2-44f4-b70e-4607a276fc6f" />
</Solution>
